
Microsoft Visual Studio Solution File, Format Version 12.00
# Visual Studio Version 17
VisualStudioVersion = 17.6.33712.159
MinimumVisualStudioVersion = 10.0.40219.1
Project("{9A19103F-16F7-4668-BE54-9A1E7A4F7556}") = "WebShopAPI", "WebShopAPI\WebShopAPI.csproj", "{E738B0BB-261B-4EE3-9B11-8C4C8B079C7F}"
EndProject
Project("{9A19103F-16F7-4668-BE54-9A1E7A4F7556}") = "UserMS", "UserMS\UserMS.csproj", "{4EB14E28-D22F-465A-8399-1122BC511C22}"
EndProject
Project("{9A19103F-16F7-4668-BE54-9A1E7A4F7556}") = "WebShopAPI.Models", "WebShopAPI.Models\WebShopAPI.Models.csproj", "{BEDB144F-8560-4269-9259-DBD6CB6346EA}"
EndProject
Project("{9A19103F-16F7-4668-BE54-9A1E7A4F7556}") = "WebShopAPI.Gateway", "WebShopAPI.Gateway\WebShopAPI.Gateway.csproj", "{37579456-DE10-467B-8F66-EB4B3667C9D8}"
EndProject
Project("{FAE04EC0-301F-11D3-BF4B-00C04F79EFBC}") = "WebShopAPI.DataLayer", "WebShopAPI.DataLayer\WebShopAPI.DataLayer.csproj", "{5FF44EBD-E40B-40DD-B978-08763EC9CEB0}"
EndProject
Global
	GlobalSection(SolutionConfigurationPlatforms) = preSolution
		Debug|Any CPU = Debug|Any CPU
		Release|Any CPU = Release|Any CPU
	EndGlobalSection
	GlobalSection(ProjectConfigurationPlatforms) = postSolution
		{E738B0BB-261B-4EE3-9B11-8C4C8B079C7F}.Debug|Any CPU.ActiveCfg = Debug|Any CPU
		{E738B0BB-261B-4EE3-9B11-8C4C8B079C7F}.Debug|Any CPU.Build.0 = Debug|Any CPU
		{E738B0BB-261B-4EE3-9B11-8C4C8B079C7F}.Release|Any CPU.ActiveCfg = Release|Any CPU
		{E738B0BB-261B-4EE3-9B11-8C4C8B079C7F}.Release|Any CPU.Build.0 = Release|Any CPU
		{4EB14E28-D22F-465A-8399-1122BC511C22}.Debug|Any CPU.ActiveCfg = Debug|Any CPU
		{4EB14E28-D22F-465A-8399-1122BC511C22}.Debug|Any CPU.Build.0 = Debug|Any CPU
		{4EB14E28-D22F-465A-8399-1122BC511C22}.Release|Any CPU.ActiveCfg = Release|Any CPU
		{4EB14E28-D22F-465A-8399-1122BC511C22}.Release|Any CPU.Build.0 = Release|Any CPU
		{BEDB144F-8560-4269-9259-DBD6CB6346EA}.Debug|Any CPU.ActiveCfg = Debug|Any CPU
		{BEDB144F-8560-4269-9259-DBD6CB6346EA}.Debug|Any CPU.Build.0 = Debug|Any CPU
		{BEDB144F-8560-4269-9259-DBD6CB6346EA}.Release|Any CPU.ActiveCfg = Release|Any CPU
		{BEDB144F-8560-4269-9259-DBD6CB6346EA}.Release|Any CPU.Build.0 = Release|Any CPU
		{37579456-DE10-467B-8F66-EB4B3667C9D8}.Debug|Any CPU.ActiveCfg = Debug|Any CPU
		{37579456-DE10-467B-8F66-EB4B3667C9D8}.Debug|Any CPU.Build.0 = Debug|Any CPU
		{37579456-DE10-467B-8F66-EB4B3667C9D8}.Release|Any CPU.ActiveCfg = Release|Any CPU
		{37579456-DE10-467B-8F66-EB4B3667C9D8}.Release|Any CPU.Build.0 = Release|Any CPU
		{5FF44EBD-E40B-40DD-B978-08763EC9CEB0}.Debug|Any CPU.ActiveCfg = Debug|Any CPU
		{5FF44EBD-E40B-40DD-B978-08763EC9CEB0}.Debug|Any CPU.Build.0 = Debug|Any CPU
		{5FF44EBD-E40B-40DD-B978-08763EC9CEB0}.Release|Any CPU.ActiveCfg = Release|Any CPU
		{5FF44EBD-E40B-40DD-B978-08763EC9CEB0}.Release|Any CPU.Build.0 = Release|Any CPU
	EndGlobalSection
	GlobalSection(SolutionProperties) = preSolution
		HideSolutionNode = FALSE
	EndGlobalSection
	GlobalSection(ExtensibilityGlobals) = postSolution
		SolutionGuid = {075B26E7-3A31-4F15-B224-7A868F21E3A1}
	EndGlobalSection
EndGlobal
